# THIS IS AN AUTOGENERATED FILE. DO NOT EDIT THIS FILE DIRECTLY.
# yarn lockfile v1


"@ant-design/colors@^3.1.0":
  "integrity" "sha512-YKgNbG2dlzqMhA9NtI3/pbY16m3Yl/EeWBRa+lB1X1YaYxHrxNexiQYCLTWO/uDvAjLFMEDU+zR901waBtMtjQ=="
  "resolved" "https://registry.npmjs.org/@ant-design/colors/-/colors-3.2.2.tgz"
  "version" "3.2.2"
  dependencies:
    "tinycolor2" "^1.4.1"

"@ant-design/icons-vue@^2.0.0":
  "integrity" "sha512-2c0QQE5hL4N48k5NkPG5sdpMl9YnvyNhf0U7YkdZYDlLnspoRU7vIA0UK9eHBs6OpFLcJB6o8eJrIl2ajBskPg=="
  "resolved" "https://registry.npmjs.org/@ant-design/icons-vue/-/icons-vue-2.0.0.tgz"
  "version" "2.0.0"
  dependencies:
    "@ant-design/colors" "^3.1.0"
    "babel-runtime" "^6.26.0"

"@ant-design/icons@^2.1.1":
  "integrity" "sha512-jCH+k2Vjlno4YWl6g535nHR09PwCEmTBKAG6VqF+rhkrSPRLfgpU2maagwbZPLjaHuU5Jd1DFQ2KJpQuI6uG8w=="
  "resolved" "https://registry.npmjs.org/@ant-design/icons/-/icons-2.1.1.tgz"
  "version" "2.1.1"

"@babel/runtime@^7.11.2", "@babel/runtime@^7.12.5", "@babel/runtime@^7.5.5", "@babel/runtime@^7.9.2":
  "integrity" "sha512-/PCB2uJ7oM44tz8YhC4Z/6PeOKXp4K588f+5M3clr1M4zbqztlo0XEfJ2LEzj/FgwfgGcIdl8n7YYjTCI0BYwg=="
  "resolved" "https://registry.npmjs.org/@babel/runtime/-/runtime-7.14.6.tgz"
  "version" "7.14.6"
  dependencies:
    "regenerator-runtime" "^0.13.4"

"@simonwep/pickr@~1.7.0":
  "integrity" "sha512-fq7jgKJT21uWGC1mARBHvvd1JYlEf93o7SuVOB4Lr0x/2UPuNC9Oe9n/GzVeg4oVtqMDfh1wIEJpsdOJEZb+3g=="
  "resolved" "https://registry.npmjs.org/@simonwep/pickr/-/pickr-1.7.4.tgz"
  "version" "1.7.4"
  dependencies:
    "core-js" "^3.6.5"
    "nanopop" "^2.1.0"

"@videojs/http-streaming@2.8.2":
  "integrity" "sha512-OU+KwB7I76j29NplHGg1Q1wtneOLA0nhjwUrdhoBJmo8dmqZO5TOMqPfhqfFZ4E8zJP9wXNLyRbhmesVqYMwmQ=="
  "resolved" "https://registry.npmjs.org/@videojs/http-streaming/-/http-streaming-2.8.2.tgz"
  "version" "2.8.2"
  dependencies:
    "@babel/runtime" "^7.12.5"
    "@videojs/vhs-utils" "^3.0.2"
    "aes-decrypter" "3.1.2"
    "global" "^4.4.0"
    "m3u8-parser" "4.7.0"
    "mpd-parser" "0.16.0"
    "mux.js" "5.11.0"
    "video.js" "^6 || ^7"

"@videojs/vhs-utils@^3.0.0", "@videojs/vhs-utils@^3.0.2":
  "integrity" "sha512-r8Yas1/tNGsGRNoIaDJuiWiQgM0P2yaEnobgzw5JcBiEqxnS8EXoUm4QtKH7nJtnppZ1yqBx1agBZCvBMKXA2w=="
  "resolved" "https://registry.npmjs.org/@videojs/vhs-utils/-/vhs-utils-3.0.2.tgz"
  "version" "3.0.2"
  dependencies:
    "@babel/runtime" "^7.12.5"
    "global" "^4.4.0"
    "url-toolkit" "^2.2.1"

"@videojs/xhr@2.5.1":
  "integrity" "sha512-wV9nGESHseSK+S9ePEru2+OJZ1jq/ZbbzniGQ4weAmTIepuBMSYPx5zrxxQA0E786T5ykpO8ts+LayV+3/oI2w=="
  "resolved" "https://registry.npmjs.org/@videojs/xhr/-/xhr-2.5.1.tgz"
  "version" "2.5.1"
  dependencies:
    "@babel/runtime" "^7.5.5"
    "global" "~4.4.0"
    "is-function" "^1.0.1"

"add-dom-event-listener@^1.0.2":
  "integrity" "sha512-WCxx1ixHT0GQU9hb0KI/mhgRQhnU+U3GvwY6ZvVjYq8rsihIGoaIOUbY0yMPBxLH5MDtr0kz3fisWGNcbWW7Jw=="
  "resolved" "https://registry.npmjs.org/add-dom-event-listener/-/add-dom-event-listener-1.1.0.tgz"
  "version" "1.1.0"
  dependencies:
    "object-assign" "4.x"

"aes-decrypter@3.1.2":
  "integrity" "sha512-42nRwfQuPRj9R1zqZBdoxnaAmnIFyDi0MNyTVhjdFOd8fifXKKRfwIHIZ6AMn1or4x5WONzjwRTbTWcsIQ0O4A=="
  "resolved" "https://registry.npmjs.org/aes-decrypter/-/aes-decrypter-3.1.2.tgz"
  "version" "3.1.2"
  dependencies:
    "@babel/runtime" "^7.12.5"
    "@videojs/vhs-utils" "^3.0.0"
    "global" "^4.4.0"
    "pkcs7" "^1.0.4"

"ant-design-vue@^1.7.5":
  "integrity" "sha512-QVrirCz6eetzui+Dv/ujMqUwIr8e/2H+pKr4VC3mpc+cHkw6L9cBRJK7DhfO7GTyK4EWKkEH3lfLWlD/XjUoQQ=="
  "resolved" "https://registry.npmjs.org/ant-design-vue/-/ant-design-vue-1.7.5.tgz"
  "version" "1.7.5"
  dependencies:
    "@ant-design/icons" "^2.1.1"
    "@ant-design/icons-vue" "^2.0.0"
    "@simonwep/pickr" "~1.7.0"
    "add-dom-event-listener" "^1.0.2"
    "array-tree-filter" "^2.1.0"
    "async-validator" "^3.0.3"
    "babel-helper-vue-jsx-merge-props" "^2.0.3"
    "babel-runtime" "6.x"
    "classnames" "^2.2.5"
    "component-classes" "^1.2.6"
    "dom-align" "^1.10.4"
    "dom-closest" "^0.2.0"
    "dom-scroll-into-view" "^2.0.0"
    "enquire.js" "^2.1.6"
    "intersperse" "^1.0.0"
    "is-mobile" "^2.2.1"
    "is-negative-zero" "^2.0.0"
    "ismobilejs" "^1.0.0"
    "json2mq" "^0.2.0"
    "lodash" "^4.17.5"
    "moment" "^2.21.0"
    "mutationobserver-shim" "^0.3.2"
    "node-emoji" "^1.10.0"
    "omit.js" "^1.0.0"
    "raf" "^3.4.0"
    "resize-observer-polyfill" "^1.5.1"
    "shallow-equal" "^1.0.0"
    "shallowequal" "^1.0.2"
    "vue-ref" "^2.0.0"
    "warning" "^4.0.0"

"array-tree-filter@^2.1.0":
  "integrity" "sha512-4ROwICNlNw/Hqa9v+rk5h22KjmzB1JGTMVKP2AKJBOCgb0yL0ASf0+YvCcLNNwquOHNX48jkeZIJ3a+oOQqKcw=="
  "resolved" "https://registry.npmjs.org/array-tree-filter/-/array-tree-filter-2.1.0.tgz"
  "version" "2.1.0"

"async-validator@^3.0.3":
  "integrity" "sha512-8eLCg00W9pIRZSB781UUX/H6Oskmm8xloZfr09lz5bikRpBVDlJ3hRVuxxP1SxcwsEYfJ4IU8Q19Y8/893r3rQ=="
  "resolved" "https://registry.npmjs.org/async-validator/-/async-validator-3.5.2.tgz"
  "version" "3.5.2"

"babel-helper-vue-jsx-merge-props@^2.0.3":
  "integrity" "sha512-gsLiKK7Qrb7zYJNgiXKpXblxbV5ffSwR0f5whkPAaBAR4fhi6bwRZxX9wBlIc5M/v8CCkXUbXZL4N/nSE97cqg=="
  "resolved" "https://registry.npmjs.org/babel-helper-vue-jsx-merge-props/-/babel-helper-vue-jsx-merge-props-2.0.3.tgz"
  "version" "2.0.3"

"babel-runtime@^6.23.0", "babel-runtime@^6.26.0", "babel-runtime@6.x":
  "integrity" "sha1-llxwWGaOgrVde/4E/yM3vItWR/4="
  "resolved" "https://registry.npmjs.org/babel-runtime/-/babel-runtime-6.26.0.tgz"
  "version" "6.26.0"
  dependencies:
    "core-js" "^2.4.0"
    "regenerator-runtime" "^0.11.0"

"base64-arraybuffer@^0.2.0":
  "integrity" "sha512-7emyCsu1/xiBXgQZrscw/8KPRT44I4Yq9Pe6EGs3aPRTsWuggML1/1DTuZUuIaJPIm1FTDUVXl4x/yW8s0kQDQ=="
  "resolved" "https://registry.npmjs.org/base64-arraybuffer/-/base64-arraybuffer-0.2.0.tgz"
  "version" "0.2.0"

"classnames@^2.2.5":
  "integrity" "sha512-OlQdbZ7gLfGarSqxesMesDa5uz7KFbID8Kpq/SxIoNGDqY8lSYs0D+hhtBXhcdB3rcbXArFr7vlHheLk1voeNA=="
  "resolved" "https://registry.npmjs.org/classnames/-/classnames-2.3.1.tgz"
  "version" "2.3.1"

"component-classes@^1.2.6":
  "integrity" "sha1-xkI5TDYYpNiwuJGe/Mu9kw5c1pE="
  "resolved" "https://registry.npmjs.org/component-classes/-/component-classes-1.2.6.tgz"
  "version" "1.2.6"
  dependencies:
    "component-indexof" "0.0.3"

"component-indexof@0.0.3":
  "integrity" "sha1-EdCRMSI5648yyPJa6csAL/6NPCQ="
  "resolved" "https://registry.npmjs.org/component-indexof/-/component-indexof-0.0.3.tgz"
  "version" "0.0.3"

"core-js@^2.4.0":
  "integrity" "sha512-Kb2wC0fvsWfQrgk8HU5lW6U/Lcs8+9aaYcy4ZFc6DDlo4nZ7n70dEgE5rtR0oG6ufKDUnrwfWL1mXR5ljDatrQ=="
  "resolved" "https://registry.npmjs.org/core-js/-/core-js-2.6.12.tgz"
  "version" "2.6.12"

"core-js@^3.6.5":
  "integrity" "sha512-JqveUc4igkqwStL2RTRn/EPFGBOfEZHxJl/8ej1mXJR75V3go2mFF4bmUYkEIT1rveHKnkUlcJX/c+f1TyIovQ=="
  "resolved" "https://registry.npmjs.org/core-js/-/core-js-3.13.1.tgz"
  "version" "3.13.1"

"cs-ruler@^2.1.5":
  "integrity" "sha512-+3D/67Yl6AN22PZtx1sbBL76ist2ZWHQexXDOMH2j4cxMNBHwtL/jFgO63zy5toFSsKWDsGBiq9L0Ic8Ta3mHg=="
  "resolved" "https://registry.npmjs.org/cs-ruler/-/cs-ruler-2.1.5.tgz"
  "version" "2.1.5"
  dependencies:
    "vue" "^2.5.11"

"css-line-break@1.1.1":
  "integrity" "sha512-1feNVaM4Fyzdj4mKPIQNL2n70MmuYzAXZ1aytlROFX1JsOo070OsugwGjj7nl6jnDJWHDM8zRZswkmeYVWZJQA=="
  "resolved" "https://registry.npmjs.org/css-line-break/-/css-line-break-1.1.1.tgz"
  "version" "1.1.1"
  dependencies:
    "base64-arraybuffer" "^0.2.0"

"dom-align@^1.10.4":
  "integrity" "sha512-pHuazgqrsTFrGU2WLDdXxCFabkdQDx72ddkraZNih1KsMcN5qsRSTR9O4VJRlwTPCPb5COYg3LOfiMHHcPInHg=="
  "resolved" "https://registry.npmjs.org/dom-align/-/dom-align-1.12.2.tgz"
  "version" "1.12.2"

"dom-closest@^0.2.0":
  "integrity" "sha1-69n5HRvyLo1vR3h2u80+yQIWwM8="
  "resolved" "https://registry.npmjs.org/dom-closest/-/dom-closest-0.2.0.tgz"
  "version" "0.2.0"
  dependencies:
    "dom-matches" ">=1.0.1"

"dom-matches@>=1.0.1":
  "integrity" "sha1-0nKLQWqHUzmA6wibhI0lPPI6dYw="
  "resolved" "https://registry.npmjs.org/dom-matches/-/dom-matches-2.0.0.tgz"
  "version" "2.0.0"

"dom-scroll-into-view@^2.0.0":
  "integrity" "sha512-bvVTQe1lfaUr1oFzZX80ce9KLDlZ3iU+XGNE/bz9HnGdklTieqsbmsLHe+rT2XWqopvL0PckkYqN7ksmm5pe3w=="
  "resolved" "https://registry.npmjs.org/dom-scroll-into-view/-/dom-scroll-into-view-2.0.1.tgz"
  "version" "2.0.1"

"dom-walk@^0.1.0":
  "integrity" "sha512-6QvTW9mrGeIegrFXdtQi9pk7O/nSK6lSdXW2eqUspN5LWD7UTji2Fqw5V2YLjBpHEoU9Xl/eUWNpDeZvoyOv2w=="
  "resolved" "https://registry.npmjs.org/dom-walk/-/dom-walk-0.1.2.tgz"
  "version" "0.1.2"

"enquire.js@^2.1.6":
  "integrity" "sha1-PoeAybi4NQhMP2DhZtvDwqPImBQ="
  "resolved" "https://registry.npmjs.org/enquire.js/-/enquire.js-2.1.6.tgz"
  "version" "2.1.6"

"global@^4.3.1", "global@^4.4.0", "global@~4.4.0":
  "integrity" "sha512-wv/LAoHdRE3BeTGz53FAamhGlPLhlssK45usmGFThIi4XqnBmjKQ16u+RNbP7WvigRZDxUsM0J3gcQ5yicaL0w=="
  "resolved" "https://registry.npmjs.org/global/-/global-4.4.0.tgz"
  "version" "4.4.0"
  dependencies:
    "min-document" "^2.19.0"
    "process" "^0.11.10"

"html2canvas@^1.0.0-rc.7":
  "integrity" "sha512-yvPNZGejB2KOyKleZspjK/NruXVQuowu8NnV2HYG7gW7ytzl+umffbtUI62v2dCHQLDdsK6HIDtyJZ0W3neerA=="
  "resolved" "https://registry.npmjs.org/html2canvas/-/html2canvas-1.0.0-rc.7.tgz"
  "version" "1.0.0-rc.7"
  dependencies:
    "css-line-break" "1.1.1"

"individual@^2.0.0":
  "integrity" "sha1-gzsJfa0jKU52EXqY+zjg2a1hu5c="
  "resolved" "https://registry.npmjs.org/individual/-/individual-2.0.0.tgz"
  "version" "2.0.0"

"intersperse@^1.0.0":
  "integrity" "sha1-8lYfsc/vn1J3zDNHoiiGtDUaUYE="
  "resolved" "https://registry.npmjs.org/intersperse/-/intersperse-1.0.0.tgz"
  "version" "1.0.0"

"is-function@^1.0.1":
  "integrity" "sha512-lw7DUp0aWXYg+CBCN+JKkcE0Q2RayZnSvnZBlwgxHBQhqt5pZNVy4Ri7H9GmmXkdu7LUthszM+Tor1u/2iBcpQ=="
  "resolved" "https://registry.npmjs.org/is-function/-/is-function-1.0.2.tgz"
  "version" "1.0.2"

"is-mobile@^2.2.1":
  "integrity" "sha512-wW/SXnYJkTjs++tVK5b6kVITZpAZPtUrt9SF80vvxGiF/Oywal+COk1jlRkiVq15RFNEQKQY31TkV24/1T5cVg=="
  "resolved" "https://registry.npmjs.org/is-mobile/-/is-mobile-2.2.2.tgz"
  "version" "2.2.2"

"is-negative-zero@^2.0.0":
  "integrity" "sha512-2z6JzQvZRa9A2Y7xC6dQQm4FSTSTNWjKIYYTt4246eMTJmIo0Q+ZyOsU66X8lxK1AbB92dFeglPLrhwpeRKO6w=="
  "resolved" "https://registry.npmjs.org/is-negative-zero/-/is-negative-zero-2.0.1.tgz"
  "version" "2.0.1"

"ismobilejs@^1.0.0":
  "integrity" "sha512-VaFW53yt8QO61k2WJui0dHf4SlL8lxBofUuUmwBo0ljPk0Drz2TiuDW4jo3wDcv41qy/SxrJ+VAzJ/qYqsmzRw=="
  "resolved" "https://registry.npmjs.org/ismobilejs/-/ismobilejs-1.1.1.tgz"
  "version" "1.1.1"

"js-tokens@^3.0.0 || ^4.0.0":
  "integrity" "sha512-RdJUflcE3cUzKiMqQgsCu06FPu9UdIJO0beYbPhHN4k6apgJtifcoCtT9bcxOpYBtpD2kCM6Sbzg4CausW/PKQ=="
  "resolved" "https://registry.npmjs.org/js-tokens/-/js-tokens-4.0.0.tgz"
  "version" "4.0.0"

"json2mq@^0.2.0":
  "integrity" "sha1-tje9O6nqvhIsg+lyBIOusQ0skEo="
  "resolved" "https://registry.npmjs.org/json2mq/-/json2mq-0.2.0.tgz"
  "version" "0.2.0"
  dependencies:
    "string-convert" "^0.2.0"

"keycode@^2.2.0":
  "integrity" "sha1-PQr1bce4uOXLqNCpfxByBO7CKwQ="
  "resolved" "https://registry.npmjs.org/keycode/-/keycode-2.2.0.tgz"
  "version" "2.2.0"

"lodash.toarray@^4.4.0":
  "integrity" "sha1-JMS/zWsvuji/0FlNsRedjptlZWE="
  "resolved" "https://registry.npmjs.org/lodash.toarray/-/lodash.toarray-4.4.0.tgz"
  "version" "4.4.0"

"lodash@^4.17.5":
  "integrity" "sha512-v2kDEe57lecTulaDIuNTPy3Ry4gLGJ6Z1O3vE1krgXZNrsQ+LFTGHVxVjcXPs17LhbZVGedAJv8XZ1tvj5FvSg=="
  "resolved" "https://registry.npmjs.org/lodash/-/lodash-4.17.21.tgz"
  "version" "4.17.21"

"loose-envify@^1.0.0":
  "integrity" "sha512-lyuxPGr/Wfhrlem2CL/UcnUc1zcqKAImBDzukY7Y5F/yQiNdko6+fRLevlw1HgMySw7f611UIY408EtxRSoK3Q=="
  "resolved" "https://registry.npmjs.org/loose-envify/-/loose-envify-1.4.0.tgz"
  "version" "1.4.0"
  dependencies:
    "js-tokens" "^3.0.0 || ^4.0.0"

"m3u8-parser@4.7.0":
  "integrity" "sha512-48l/OwRyjBm+QhNNigEEcRcgbRvnUjL7rxs597HmW9QSNbyNvt+RcZ9T/d9vxi9A9z7EZrB1POtZYhdRlwYQkQ=="
  "resolved" "https://registry.npmjs.org/m3u8-parser/-/m3u8-parser-4.7.0.tgz"
  "version" "4.7.0"
  dependencies:
    "@babel/runtime" "^7.12.5"
    "@videojs/vhs-utils" "^3.0.0"
    "global" "^4.4.0"

"min-document@^2.19.0":
  "integrity" "sha1-e9KC4/WELtKVu3SM3Z8f+iyCRoU="
  "resolved" "https://registry.npmjs.org/min-document/-/min-document-2.19.0.tgz"
  "version" "2.19.0"
  dependencies:
    "dom-walk" "^0.1.0"

"moment@^2.21.0":
  "integrity" "sha512-kHmoybcPV8Sqy59DwNDY3Jefr64lK/by/da0ViFcuA4DH0vQg5Q6Ze5VimxkfQNSC+Mls/Kx53s7TjP1RhFEDQ=="
  "resolved" "https://registry.npmjs.org/moment/-/moment-2.29.1.tgz"
  "version" "2.29.1"

"mpd-parser@0.16.0":
  "integrity" "sha512-/pOFsDbOxXFAla47rYMdIypBZVtsQ9q3OHNuKtW2CJMaCGtNDtUcLS+B2TToYmB20rgi3XIgkyc2EsIvIAS4NA=="
  "resolved" "https://registry.npmjs.org/mpd-parser/-/mpd-parser-0.16.0.tgz"
  "version" "0.16.0"
  dependencies:
    "@babel/runtime" "^7.12.5"
    "@videojs/vhs-utils" "^3.0.0"
    "global" "^4.4.0"
    "xmldom" "^0.5.0"

"mutationobserver-shim@^0.3.2":
  "integrity" "sha512-oRIDTyZQU96nAiz2AQyngwx1e89iApl2hN5AOYwyxLUB47UYsU3Wv9lJWqH5y/QdiYkc5HQLi23ZNB3fELdHcQ=="
  "resolved" "https://registry.npmjs.org/mutationobserver-shim/-/mutationobserver-shim-0.3.7.tgz"
  "version" "0.3.7"

"mux.js@5.11.0":
  "integrity" "sha512-Q/iLfohHh5Pp6lW7EFtcxNuaCNJ3Ruywfy46pWLsY+yIxR1kXXImYY1wOhg8jLdBMs1kRaZqsiB4Zncsiw0a2Q=="
  "resolved" "https://registry.npmjs.org/mux.js/-/mux.js-5.11.0.tgz"
  "version" "5.11.0"
  dependencies:
    "@babel/runtime" "^7.11.2"

"nanopop@^2.1.0":
  "integrity" "sha512-jGTwpFRexSH+fxappnGQtN9dspgE2ipa1aOjtR24igG0pv6JCxImIAmrLRHX+zUF5+1wtsFVbKyfP51kIGAVNw=="
  "resolved" "https://registry.npmjs.org/nanopop/-/nanopop-2.1.0.tgz"
  "version" "2.1.0"

"node-emoji@^1.10.0":
  "integrity" "sha512-Yt3384If5H6BYGVHiHwTL+99OzJKHhgp82S8/dktEK73T26BazdgZ4JZh92xSVtGNJvz9UbXdNAc5hcrXV42vw=="
  "resolved" "https://registry.npmjs.org/node-emoji/-/node-emoji-1.10.0.tgz"
  "version" "1.10.0"
  dependencies:
    "lodash.toarray" "^4.4.0"

"object-assign@4.x":
  "integrity" "sha1-IQmtx5ZYh8/AXLvUQsrIv7s2CGM="
  "resolved" "https://registry.npmjs.org/object-assign/-/object-assign-4.1.1.tgz"
  "version" "4.1.1"

"omit.js@^1.0.0":
  "integrity" "sha512-/QPc6G2NS+8d4L/cQhbk6Yit1WTB6Us2g84A7A/1+w9d/eRGHyEqC5kkQtHVoHZ5NFWGG7tUGgrhVZwgZanKrQ=="
  "resolved" "https://registry.npmjs.org/omit.js/-/omit.js-1.0.2.tgz"
  "version" "1.0.2"
  dependencies:
    "babel-runtime" "^6.23.0"

"performance-now@^2.1.0":
  "integrity" "sha1-Ywn04OX6kT7BxpMHrjZLSzd8nns="
  "resolved" "https://registry.npmjs.org/performance-now/-/performance-now-2.1.0.tgz"
  "version" "2.1.0"

"pkcs7@^1.0.4":
  "integrity" "sha512-afRERtHn54AlwaF2/+LFszyAANTCggGilmcmILUzEjvs3XgFZT+xE6+QWQcAGmu4xajy+Xtj7acLOPdx5/eXWQ=="
  "resolved" "https://registry.npmjs.org/pkcs7/-/pkcs7-1.0.4.tgz"
  "version" "1.0.4"
  dependencies:
    "@babel/runtime" "^7.5.5"

"process@^0.11.10":
  "integrity" "sha1-czIwDoQBYb2j5podHZGn1LwW8YI="
  "resolved" "https://registry.npmjs.org/process/-/process-0.11.10.tgz"
  "version" "0.11.10"

"raf@^3.4.0":
  "integrity" "sha512-Sq4CW4QhwOHE8ucn6J34MqtZCeWFP2aQSmrlroYgqAV1PjStIhJXxYuTgUIfkEk7zTLjmIjLmU5q+fbD1NnOJA=="
  "resolved" "https://registry.npmjs.org/raf/-/raf-3.4.1.tgz"
  "version" "3.4.1"
  dependencies:
    "performance-now" "^2.1.0"

"regenerator-runtime@^0.11.0":
  "integrity" "sha512-MguG95oij0fC3QV3URf4V2SDYGJhJnJGqvIIgdECeODCT98wSWDAJ94SSuVpYQUoTcGUIL6L4yNB7j1DFFHSBg=="
  "resolved" "https://registry.npmjs.org/regenerator-runtime/-/regenerator-runtime-0.11.1.tgz"
  "version" "0.11.1"

"regenerator-runtime@^0.13.4":
  "integrity" "sha512-a54FxoJDIr27pgf7IgeQGxmqUNYrcV338lf/6gH456HZ/PhX+5BcwHXG9ajESmwe6WRO0tAzRUrRmNONWgkrew=="
  "resolved" "https://registry.npmjs.org/regenerator-runtime/-/regenerator-runtime-0.13.7.tgz"
  "version" "0.13.7"

"resize-observer-polyfill@^1.5.1":
  "integrity" "sha512-LwZrotdHOo12nQuZlHEmtuXdqGoOD0OhaxopaNFxWzInpEgaLWoVuAMbTzixuosCx2nEG58ngzW3vxdWoxIgdg=="
  "resolved" "https://registry.npmjs.org/resize-observer-polyfill/-/resize-observer-polyfill-1.5.1.tgz"
  "version" "1.5.1"

"rust-result@^1.0.0":
  "integrity" "sha1-NMdbLm3Dn+WHXlveyFteD5FTb3I="
  "resolved" "https://registry.npmjs.org/rust-result/-/rust-result-1.0.0.tgz"
  "version" "1.0.0"
  dependencies:
    "individual" "^2.0.0"

"safe-json-parse@4.0.0":
  "integrity" "sha1-fA9XjPzNEtM6ccDgVBPi7KFx6qw="
  "resolved" "https://registry.npmjs.org/safe-json-parse/-/safe-json-parse-4.0.0.tgz"
  "version" "4.0.0"
  dependencies:
    "rust-result" "^1.0.0"

"shallow-equal@^1.0.0":
  "integrity" "sha512-S4vJDjHHMBaiZuT9NPb616CSmLf618jawtv3sufLl6ivK8WocjAo58cXwbRV1cgqxH0Qbv+iUt6m05eqEa2IRA=="
  "resolved" "https://registry.npmjs.org/shallow-equal/-/shallow-equal-1.2.1.tgz"
  "version" "1.2.1"

"shallowequal@^1.0.2":
  "integrity" "sha512-y0m1JoUZSlPAjXVtPPW70aZWfIL/dSP7AFkRnniLCrK/8MDKog3TySTBmckD+RObVxH0v4Tox67+F14PdED2oQ=="
  "resolved" "https://registry.npmjs.org/shallowequal/-/shallowequal-1.1.0.tgz"
  "version" "1.1.0"

"string-convert@^0.2.0":
  "integrity" "sha1-aYLMMEn7tM2F+LJFaLnZvznu/5c="
  "resolved" "https://registry.npmjs.org/string-convert/-/string-convert-0.2.1.tgz"
  "version" "0.2.1"

"tinycolor2@^1.4.1":
  "integrity" "sha512-vJhccZPs965sV/L2sU4oRQVAos0pQXwsvTLkWYdqJ+a8Q5kPFzJTuOFwy7UniPli44NKQGAglksjvOcpo95aZA=="
  "resolved" "https://registry.npmjs.org/tinycolor2/-/tinycolor2-1.4.2.tgz"
  "version" "1.4.2"

"url-toolkit@^2.2.1":
  "integrity" "sha512-l25w6Sy+Iy3/IbogunxhWwljPaDnqpiKvrQRoLBm6DfISco7NyRIS7Zf6+Oxhy1T8kHxWdwLND7ZZba6NjXMug=="
  "resolved" "https://registry.npmjs.org/url-toolkit/-/url-toolkit-2.2.2.tgz"
  "version" "2.2.2"

"video.js@^6 || ^7", "video.js@^7.11.8":
  "integrity" "sha512-N/Cjj9hjlscD7S6dJZu0gZNZVOf1HyYtq6zK5UItGdJV16haBLjW+YABdgvZgcETqSmyqHBUUqQ2rNGSTr3z6w=="
  "resolved" "https://registry.npmjs.org/video.js/-/video.js-7.12.3.tgz"
  "version" "7.12.3"
  dependencies:
    "@babel/runtime" "^7.9.2"
    "@videojs/http-streaming" "2.8.2"
    "@videojs/xhr" "2.5.1"
    "global" "^4.4.0"
    "keycode" "^2.2.0"
    "safe-json-parse" "4.0.0"
    "videojs-font" "3.2.0"
    "videojs-vtt.js" "^0.15.3"

"videojs-font@3.2.0":
  "integrity" "sha512-g8vHMKK2/JGorSfqAZQUmYYNnXmfec4MLhwtEFS+mMs2IDY398GLysy6BH6K+aS1KMNu/xWZ8Sue/X/mdQPliA=="
  "resolved" "https://registry.npmjs.org/videojs-font/-/videojs-font-3.2.0.tgz"
  "version" "3.2.0"

"videojs-vtt.js@^0.15.3":
  "integrity" "sha512-5FvVsICuMRx6Hd7H/Y9s9GDeEtYcXQWzGMS+sl4UX3t/zoHp3y+isSfIPRochnTH7h+Bh1ILyC639xy9Z6kPag=="
  "resolved" "https://registry.npmjs.org/videojs-vtt.js/-/videojs-vtt.js-0.15.3.tgz"
  "version" "0.15.3"
  dependencies:
    "global" "^4.3.1"

"vue-ref@^2.0.0":
  "integrity" "sha512-uKNKpFOVeWNqS2mrBZqnpLyXJo5Q+vnkex6JvpENvhXHFNBW/SJTP8vJywLuVT3DpxwXcF9N0dyIiZ4/NpTexQ=="
  "resolved" "https://registry.npmjs.org/vue-ref/-/vue-ref-2.0.0.tgz"
  "version" "2.0.0"

"vue@^2.5.11":
  "integrity" "sha512-uhmLFETqPPNyuLLbsKz6ioJ4q7AZHzD8ZVFNATNyICSZouqP2Sz0rotWQC8UNBF6VGSCs5abnKJoStA6JbCbfg=="
  "resolved" "https://registry.npmjs.org/vue/-/vue-2.6.12.tgz"
  "version" "2.6.12"

"warning@^4.0.0":
  "integrity" "sha512-rpJyN222KWIvHJ/F53XSZv0Zl/accqHR8et1kpaMTD/fLCRxtV8iX8czMzY7sVZupTI3zcUTg8eycS2kNF9l6w=="
  "resolved" "https://registry.npmjs.org/warning/-/warning-4.0.3.tgz"
  "version" "4.0.3"
  dependencies:
    "loose-envify" "^1.0.0"

"xmldom@^0.5.0":
  "integrity" "sha512-Foaj5FXVzgn7xFzsKeNIde9g6aFBxTPi37iwsno8QvApmtg7KYrr+OPyRHcJF7dud2a5nGRBXK3n0dL62Gf7PA=="
  "resolved" "https://registry.npmjs.org/xmldom/-/xmldom-0.5.0.tgz"
  "version" "0.5.0"
